
Microsoft Visual Studio Solution File, Format Version 12.00
# Visual Studio Version 17
VisualStudioVersion = 17.0.31903.59
MinimumVisualStudioVersion = 10.0.40219.1
Project("{FAE04EC0-301F-11D3-BF4B-00C04F79EFBC}") = "FunctionalThinking", "FunctionalThinking\FunctionalThinking.csproj", "{C967A9C0-E951-4A1C-BB8E-692785622960}"
EndProject
Project("{FAE04EC0-301F-11D3-BF4B-00C04F79EFBC}") = "FunctionalThinking.Tests", "FunctionalThinking.Tests\FunctionalThinking.Tests.csproj", "{DFB58AC9-B8C7-436E-8F41-3B0570A596F0}"
EndProject
Global
	GlobalSection(SolutionConfigurationPlatforms) = preSolution
		Debug|Any CPU = Debug|Any CPU
		Release|Any CPU = Release|Any CPU
	EndGlobalSection
	GlobalSection(SolutionProperties) = preSolution
		HideSolutionNode = FALSE
	EndGlobalSection
	GlobalSection(ProjectConfigurationPlatforms) = postSolution
		{C967A9C0-E951-4A1C-BB8E-692785622960}.Debug|Any CPU.ActiveCfg = Debug|Any CPU
		{C967A9C0-E951-4A1C-BB8E-692785622960}.Debug|Any CPU.Build.0 = Debug|Any CPU
		{C967A9C0-E951-4A1C-BB8E-692785622960}.Release|Any CPU.ActiveCfg = Release|Any CPU
		{C967A9C0-E951-4A1C-BB8E-692785622960}.Release|Any CPU.Build.0 = Release|Any CPU
		{DFB58AC9-B8C7-436E-8F41-3B0570A596F0}.Debug|Any CPU.ActiveCfg = Debug|Any CPU
		{DFB58AC9-B8C7-436E-8F41-3B0570A596F0}.Debug|Any CPU.Build.0 = Debug|Any CPU
		{DFB58AC9-B8C7-436E-8F41-3B0570A596F0}.Release|Any CPU.ActiveCfg = Release|Any CPU
		{DFB58AC9-B8C7-436E-8F41-3B0570A596F0}.Release|Any CPU.Build.0 = Release|Any CPU
	EndGlobalSection
EndGlobal
